{
    "_readme": [
        "This file locks the dependencies of your project to a known state",
        "Read more about it at http://getcomposer.org/doc/01-basic-usage.md#composer-lock-the-lock-file"
    ],
    "hash": "31a6e900e46a89e885b1f522ad5e5f89",
    "packages": [
        {
            "name": "guzzle/guzzle",
            "version": "v3.9.2",
            "source": {
                "type": "git",
                "url": "https://github.com/guzzle/guzzle3.git",
                "reference": "54991459675c1a2924122afbb0e5609ade581155"
            },
            "dist": {
                "type": "zip",
                "url": "https://api.github.com/repos/guzzle/guzzle3/zipball/54991459675c1a2924122afbb0e5609ade581155",
                "reference": "54991459675c1a2924122afbb0e5609ade581155",
                "shasum": ""
            },
            "require": {
                "ext-curl": "*",
                "php": ">=5.3.3",
                "symfony/event-dispatcher": "~2.1"
            },
            "replace": {
                "guzzle/batch": "self.version",
                "guzzle/cache": "self.version",
                "guzzle/common": "self.version",
                "guzzle/http": "self.version",
                "guzzle/inflection": "self.version",
                "guzzle/iterator": "self.version",
                "guzzle/log": "self.version",
                "guzzle/parser": "self.version",
                "guzzle/plugin": "self.version",
                "guzzle/plugin-async": "self.version",
                "guzzle/plugin-backoff": "self.version",
                "guzzle/plugin-cache": "self.version",
                "guzzle/plugin-cookie": "self.version",
                "guzzle/plugin-curlauth": "self.version",
                "guzzle/plugin-error-response": "self.version",
                "guzzle/plugin-history": "self.version",
                "guzzle/plugin-log": "self.version",
                "guzzle/plugin-md5": "self.version",
                "guzzle/plugin-mock": "self.version",
                "guzzle/plugin-oauth": "self.version",
                "guzzle/service": "self.version",
                "guzzle/stream": "self.version"
            },
            "require-dev": {
                "doctrine/cache": "~1.3",
                "monolog/monolog": "~1.0",
                "phpunit/phpunit": "3.7.*",
                "psr/log": "~1.0",
                "symfony/class-loader": "~2.1",
                "zendframework/zend-cache": "2.*,<2.3",
                "zendframework/zend-log": "2.*,<2.3"
            },
            "type": "library",
            "extra": {
                "branch-alias": {
                    "dev-master": "3.9-dev"
                }
            },
            "autoload": {
                "psr-0": {
                    "Guzzle": "src/",
                    "Guzzle\\Tests": "tests/"
                }
            },
            "notification-url": "https://packagist.org/downloads/",
            "license": [
                "MIT"
            ],
            "authors": [
                {
                    "name": "Michael Dowling",
                    "email": "mtdowling@gmail.com",
                    "homepage": "https://github.com/mtdowling"
                },
                {
                    "name": "Guzzle Community",
                    "homepage": "https://github.com/guzzle/guzzle/contributors"
                }
            ],
            "description": "Guzzle is a PHP HTTP client library and framework for building RESTful web service clients",
            "homepage": "http://guzzlephp.org/",
            "keywords": [
                "client",
                "curl",
                "framework",
                "http",
                "http client",
                "rest",
                "web service"
            ],
            "time": "2014-08-11 04:32:36"
        },
        {
            "name": "guzzlehttp/guzzle",
            "version": "4.2.3",
            "source": {
                "type": "git",
                "url": "https://github.com/guzzle/guzzle.git",
                "reference": "66fd916e9f9130bc22c51450476823391cb2f67c"
            },
            "dist": {
                "type": "zip",
                "url": "https://api.github.com/repos/guzzle/guzzle/zipball/66fd916e9f9130bc22c51450476823391cb2f67c",
                "reference": "66fd916e9f9130bc22c51450476823391cb2f67c",
                "shasum": ""
            },
            "require": {
                "ext-json": "*",
                "guzzlehttp/streams": "~2.1",
                "php": ">=5.4.0"
            },
            "require-dev": {
                "ext-curl": "*",
                "phpunit/phpunit": "~4.0",
                "psr/log": "~1.0"
            },
            "suggest": {
                "ext-curl": "Guzzle will use specific adapters if cURL is present"
            },
            "type": "library",
            "extra": {
                "branch-alias": {
                    "dev-master": "4.2-dev"
                }
            },
            "autoload": {
                "psr-4": {
                    "GuzzleHttp\\": "src/"
                },
                "files": [
                    "src/functions.php"
                ]
            },
            "notification-url": "https://packagist.org/downloads/",
            "license": [
                "MIT"
            ],
            "authors": [
                {
                    "name": "Michael Dowling",
                    "email": "mtdowling@gmail.com",
                    "homepage": "https://github.com/mtdowling"
                }
            ],
            "description": "Guzzle is a PHP HTTP client library and framework for building RESTful web service clients",
            "homepage": "http://guzzlephp.org/",
            "keywords": [
                "client",
                "curl",
                "framework",
                "http",
                "http client",
                "rest",
                "web service"
            ],
            "time": "2014-10-05 19:29:14"
        },
        {
            "name": "guzzlehttp/streams",
            "version": "2.1.0",
            "source": {
                "type": "git",
                "url": "https://github.com/guzzle/streams.git",
                "reference": "f91b721d73f0e561410903b3b3c90a5d0e40b534"
            },
            "dist": {
                "type": "zip",
                "url": "https://api.github.com/repos/guzzle/streams/zipball/f91b721d73f0e561410903b3b3c90a5d0e40b534",
                "reference": "f91b721d73f0e561410903b3b3c90a5d0e40b534",
                "shasum": ""
            },
            "require": {
                "php": ">=5.4.0"
            },
            "require-dev": {
                "phpunit/phpunit": "~4.0"
            },
            "type": "library",
            "extra": {
                "branch-alias": {
                    "dev-master": "2.0-dev"
                }
            },
            "autoload": {
                "psr-4": {
                    "GuzzleHttp\\Stream\\": "src/"
                },
                "files": [
                    "src/functions.php"
                ]
            },
            "notification-url": "https://packagist.org/downloads/",
            "license": [
                "MIT"
            ],
            "authors": [
                {
                    "name": "Michael Dowling",
                    "email": "mtdowling@gmail.com",
                    "homepage": "https://github.com/mtdowling"
                }
            ],
            "description": "Provides a simple abstraction over streams of data (Guzzle 4+)",
            "homepage": "http://guzzlephp.org/",
            "keywords": [
                "Guzzle",
                "stream"
            ],
            "time": "2014-08-17 21:15:53"
        },
        {
            "name": "herrera-io/json",
            "version": "1.0.3",
            "source": {
                "type": "git",
                "url": "https://github.com/herrera-io/php-json.git",
                "reference": "60c696c9370a1e5136816ca557c17f82a6fa83f1"
            },
            "dist": {
                "type": "zip",
                "url": "https://api.github.com/repos/herrera-io/php-json/zipball/60c696c9370a1e5136816ca557c17f82a6fa83f1",
                "reference": "60c696c9370a1e5136816ca557c17f82a6fa83f1",
                "shasum": ""
            },
            "require": {
                "ext-json": "*",
                "justinrainbow/json-schema": ">=1.0,<2.0-dev",
                "php": ">=5.3.3",
                "seld/jsonlint": ">=1.0,<2.0-dev"
            },
            "require-dev": {
                "herrera-io/phpunit-test-case": "1.*",
                "mikey179/vfsstream": "1.1.0",
                "phpunit/phpunit": "3.7.*"
            },
            "type": "library",
            "extra": {
                "branch-alias": {
                    "dev-master": "1.0-dev"
                }
            },
            "autoload": {
                "files": [
                    "src/lib/json_version.php"
                ],
                "psr-0": {
                    "Herrera\\Json": "src/lib"
                }
            },
            "notification-url": "https://packagist.org/downloads/",
            "license": [
                "MIT"
            ],
            "authors": [
                {
                    "name": "Kevin Herrera",
                    "email": "kevin@herrera.io",
                    "homepage": "http://kevin.herrera.io/",
                    "role": "Developer"
                }
            ],
            "description": "A library for simplifying JSON linting and validation.",
            "homepage": "http://herrera-io.github.com/php-json",
            "keywords": [
                "json",
                "lint",
                "schema",
                "validate"
            ],
            "time": "2013-10-30 16:51:34"
        },
        {
            "name": "herrera-io/phar-update",
            "version": "2.0.0",
            "source": {
                "type": "git",
                "url": "https://github.com/herrera-io/php-phar-update.git",
                "reference": "15643c90d3d43620a4f45c910e6afb7a0ad4b488"
            },
            "dist": {
                "type": "zip",
                "url": "https://api.github.com/repos/herrera-io/php-phar-update/zipball/15643c90d3d43620a4f45c910e6afb7a0ad4b488",
                "reference": "15643c90d3d43620a4f45c910e6afb7a0ad4b488",
                "shasum": ""
            },
            "require": {
                "herrera-io/json": "1.*",
                "herrera-io/version": "1.*",
                "php": ">=5.3.3"
            },
            "require-dev": {
                "herrera-io/phpunit-test-case": "1.*",
                "mikey179/vfsstream": "1.1.0",
                "phpunit/phpunit": "3.7.*"
            },
            "type": "library",
            "extra": {
                "branch-alias": {
                    "dev-master": "2.0-dev"
                }
            },
            "autoload": {
                "files": [
                    "src/lib/constants.php"
                ],
                "psr-0": {
                    "Herrera\\Phar\\Update": "src/lib"
                }
            },
            "notification-url": "https://packagist.org/downloads/",
            "license": [
                "MIT"
            ],
            "authors": [
                {
                    "name": "Kevin Herrera",
                    "email": "kevin@herrera.io",
                    "homepage": "http://kevin.herrera.io/",
                    "role": "Developer"
                }
            ],
            "description": "A library for self-updating Phars.",
            "homepage": "http://herrera-io.github.com/php-phar-update",
            "keywords": [
                "phar",
                "update"
            ],
            "time": "2013-11-09 17:13:13"
        },
        {
            "name": "herrera-io/version",
            "version": "1.1.1",
            "source": {
                "type": "git",
                "url": "https://github.com/herrera-io/php-version.git",
                "reference": "d39d9642b92a04d8b8a28b871b797a35a2545e85"
            },
            "dist": {
                "type": "zip",
                "url": "https://api.github.com/repos/herrera-io/php-version/zipball/d39d9642b92a04d8b8a28b871b797a35a2545e85",
                "reference": "d39d9642b92a04d8b8a28b871b797a35a2545e85",
                "shasum": ""
            },
            "require": {
                "php": ">=5.3.3"
            },
            "require-dev": {
                "herrera-io/phpunit-test-case": "1.*",
                "phpunit/phpunit": "3.7.*"
            },
            "type": "library",
            "extra": {
                "branch-alias": {
                    "dev-master": "1.1.x-dev"
                }
            },
            "autoload": {
                "psr-0": {
                    "Herrera\\Version": "src/lib"
                }
            },
            "notification-url": "https://packagist.org/downloads/",
            "license": [
                "MIT"
            ],
            "authors": [
                {
                    "name": "Kevin Herrera",
                    "email": "kevin@herrera.io",
                    "homepage": "http://kevin.herrera.io/",
                    "role": "Developer"
                }
            ],
            "description": "A library for creating, editing, and comparing semantic versioning numbers.",
            "homepage": "http://github.com/herrera-io/php-version",
            "keywords": [
                "semantic",
                "version"
            ],
            "time": "2014-05-27 05:29:25"
        },
        {
            "name": "justinrainbow/json-schema",
            "version": "1.3.7",
            "source": {
                "type": "git",
                "url": "https://github.com/justinrainbow/json-schema.git",
                "reference": "87b54b460febed69726c781ab67462084e97a105"
            },
            "dist": {
                "type": "zip",
                "url": "https://api.github.com/repos/justinrainbow/json-schema/zipball/87b54b460febed69726c781ab67462084e97a105",
                "reference": "87b54b460febed69726c781ab67462084e97a105",
                "shasum": ""
            },
            "require": {
                "php": ">=5.3.0"
            },
            "require-dev": {
                "json-schema/json-schema-test-suite": "1.1.0",
                "phpdocumentor/phpdocumentor": "~2",
                "phpunit/phpunit": "~3.7"
            },
            "bin": [
                "bin/validate-json"
            ],
            "type": "library",
            "extra": {
                "branch-alias": {
                    "dev-master": "1.4.x-dev"
                }
            },
            "autoload": {
                "psr-0": {
                    "JsonSchema": "src/"
                }
            },
            "notification-url": "https://packagist.org/downloads/",
            "license": [
                "BSD-3-Clause"
            ],
            "authors": [
                {
                    "name": "Bruno Prieto Reis",
                    "email": "bruno.p.reis@gmail.com"
                },
                {
                    "name": "Justin Rainbow",
                    "email": "justin.rainbow@gmail.com"
                },
                {
                    "name": "Igor Wiedler",
                    "email": "igor@wiedler.ch"
                },
                {
                    "name": "Robert Schönthal",
                    "email": "seroscho@googlemail.com"
                }
            ],
            "description": "A library to validate a json schema.",
            "homepage": "https://github.com/justinrainbow/json-schema",
            "keywords": [
                "json",
                "schema"
            ],
            "time": "2014-08-25 02:48:14"
        },
        {
            "name": "knplabs/github-api",
            "version": "dev-deploymentapi",
            "source": {
                "type": "git",
                "url": "https://github.com/ericduran/php-github-api.git",
                "reference": "786f07d488c9634c75f35942b96989a29bee501a"
            },
            "dist": {
                "type": "zip",
                "url": "https://api.github.com/repos/ericduran/php-github-api/zipball/786f07d488c9634c75f35942b96989a29bee501a",
                "reference": "786f07d488c9634c75f35942b96989a29bee501a",
                "shasum": ""
            },
            "require": {
                "ext-curl": "*",
                "guzzle/guzzle": "~3.7",
                "php": ">=5.3.2"
            },
            "require-dev": {
                "phpunit/phpunit": "~4.0"
            },
            "suggest": {
                "knplabs/gaufrette": "Needed for optional Gaufrette cache"
            },
            "type": "library",
            "extra": {
                "branch-alias": {
                    "dev-master": "1.3.x-dev"
                }
            },
            "autoload": {
                "psr-0": {
                    "Github\\": "lib/"
                }
            },
            "license": [
                "MIT"
            ],
            "authors": [
                {
                    "name": "KnpLabs Team",
                    "homepage": "http://knplabs.com"
                },
                {
                    "name": "Thibault Duplessis",
                    "email": "thibault.duplessis@gmail.com",
                    "homepage": "http://ornicar.github.com"
                }
            ],
            "description": "GitHub API v3 client",
            "homepage": "https://github.com/KnpLabs/php-github-api",
            "keywords": [
                "api",
                "gh",
                "gist",
                "github"
            ],
            "support": {
                "source": "https://github.com/ericduran/php-github-api/tree/deploymentapi"
            },
            "time": "2014-08-13 23:14:35"
        },
        {
            "name": "mango-group/symfony",
            "version": "2.0.6",
            "source": {
                "type": "git",
                "url": "https://github.com/mango-group/symfony.git",
                "reference": "b55a43813e8fbcf4facd19ce1da0cd7acc67ce9b"
            },
            "dist": {
                "type": "zip",
                "url": "https://api.github.com/repos/mango-group/symfony/zipball/b55a43813e8fbcf4facd19ce1da0cd7acc67ce9b",
                "reference": "b55a43813e8fbcf4facd19ce1da0cd7acc67ce9b",
                "shasum": ""
            },
            "require": {
                "php": ">=5.3.2"
            },
            "replace": {
                "symfony/browser-kit": ">=2.0",
                "symfony/class-loader": ">=2.0",
                "symfony/config": ">=2.0",
                "symfony/console": ">=2.0",
                "symfony/css-selector": ">=2.0",
                "symfony/dependency-injection": ">=2.0",
                "symfony/doctrine-abstract-bundle": ">=2.0",
                "symfony/doctrine-bridge": ">=2.0",
                "symfony/doctrine-bundle": ">=2.0",
                "symfony/dom-crawler": ">=2.0",
                "symfony/event-dispatcher": ">=2.0",
                "symfony/finder": ">=2.0",
                "symfony/form": ">=2.0",
                "symfony/framework-bundle": ">=2.0",
                "symfony/http-foundation": ">=2.0",
                "symfony/http-kernel": ">=2.0",
                "symfony/locale": ">=2.0",
                "symfony/monolog-bridge": ">=2.0",
                "symfony/monolog-bundle": ">=2.0",
                "symfony/process": ">=2.0",
                "symfony/routing": ">=2.0",
                "symfony/security": ">=2.0",
                "symfony/security-bundle": ">=2.0",
                "symfony/serializer": ">=2.0",
                "symfony/swiftmailer-bundle": ">=2.0",
                "symfony/templating": ">=2.0",
                "symfony/translation": ">=2.0",
                "symfony/twig-bridge": ">=2.0",
                "symfony/twig-bundle": ">=2.0",
                "symfony/validator": ">=2.0",
                "symfony/web-profiler-bundle": ">=2.0",
                "symfony/yaml": ">=2.0"
            },
            "type": "library",
            "autoload": {
                "psr-0": {
                    "Symfony": "src/"
                }
            },
            "notification-url": "https://packagist.org/downloads/",
            "license": [
                "MIT"
            ],
            "authors": [
                {
                    "name": "Fabien Potencier",
                    "email": "fabien@symfony.com",
                    "homepage": "http://fabien.potencier.org",
                    "role": "Lead Developer"
                },
                {
                    "name": "Symfony Community",
                    "homepage": "http://symfony.com/contributors"
                }
            ],
            "description": "The Symfony PHP framework",
            "homepage": "http://symfony.com",
            "keywords": [
                "framework"
            ],
            "time": "2011-11-16 19:35:49"
        },
        {
            "name": "seld/jsonlint",
            "version": "1.3.0",
            "source": {
                "type": "git",
                "url": "https://github.com/Seldaek/jsonlint.git",
                "reference": "a7bc2ec9520ad15382292591b617c43bdb1fec35"
            },
            "dist": {
                "type": "zip",
                "url": "https://api.github.com/repos/Seldaek/jsonlint/zipball/a7bc2ec9520ad15382292591b617c43bdb1fec35",
                "reference": "a7bc2ec9520ad15382292591b617c43bdb1fec35",
                "shasum": ""
            },
            "require": {
                "php": ">=5.3.0"
            },
            "bin": [
                "bin/jsonlint"
            ],
            "type": "library",
            "autoload": {
                "psr-4": {
                    "Seld\\JsonLint\\": "src/Seld/JsonLint/"
                }
            },
            "notification-url": "https://packagist.org/downloads/",
            "license": [
                "MIT"
            ],
            "authors": [
                {
                    "name": "Jordi Boggiano",
                    "email": "j.boggiano@seld.be",
                    "homepage": "http://seld.be"
                }
            ],
            "description": "JSON Linter",
            "keywords": [
                "json",
                "linter",
                "parser",
                "validator"
            ],
            "time": "2014-09-05 15:36:20"
        },
        {
            "name": "symfony/filesystem",
            "version": "2.6.x-dev",
            "target-dir": "Symfony/Component/Filesystem",
            "source": {
                "type": "git",
                "url": "https://github.com/symfony/Filesystem.git",
                "reference": "6f7c7e42f20ee200d8ac5d2ec1d2a524138305e0"
            },
            "dist": {
                "type": "zip",
                "url": "https://api.github.com/repos/symfony/Filesystem/zipball/6f7c7e42f20ee200d8ac5d2ec1d2a524138305e0",
                "reference": "6f7c7e42f20ee200d8ac5d2ec1d2a524138305e0",
                "shasum": ""
            },
            "require": {
                "php": ">=5.3.3"
            },
            "type": "library",
            "extra": {
                "branch-alias": {
                    "dev-master": "2.6-dev"
                }
            },
            "autoload": {
                "psr-0": {
                    "Symfony\\Component\\Filesystem\\": ""
                }
            },
            "notification-url": "https://packagist.org/downloads/",
            "license": [
                "MIT"
            ],
            "authors": [
                {
                    "name": "Symfony Community",
                    "homepage": "http://symfony.com/contributors"
                },
                {
                    "name": "Fabien Potencier",
                    "email": "fabien@symfony.com"
                }
            ],
            "description": "Symfony Filesystem Component",
            "homepage": "http://symfony.com",
            "time": "2014-11-16 17:28:09"
        },
        {
            "name": "teqneers/php-stream-wrapper-for-git",
            "version": "dev-master",
            "source": {
                "type": "git",
                "url": "https://github.com/teqneers/PHP-Stream-Wrapper-for-Git.git",
                "reference": "979fc37d6b1fb55c8877dcd561c30e3a092a73bb"
            },
            "dist": {
                "type": "zip",
                "url": "https://api.github.com/repos/teqneers/PHP-Stream-Wrapper-for-Git/zipball/979fc37d6b1fb55c8877dcd561c30e3a092a73bb",
                "reference": "979fc37d6b1fb55c8877dcd561c30e3a092a73bb",
                "shasum": ""
            },
            "require": {
                "php": ">=5.3.0"
            },
            "require-dev": {
                "knplabs/gaufrette": "*",
                "phpunit/phpunit": "3.7.*"
            },
            "suggest": {
                "knplabs/gaufrette": "to use the Gaufrette adapter"
            },
            "type": "library",
            "autoload": {
                "psr-0": {
                    "TQ": "src"
                }
            },
            "notification-url": "https://packagist.org/downloads/",
            "license": [
                "MIT"
            ],
            "authors": [
                {
                    "name": "Stefan Gehrig",
                    "email": "gehrig@teqneers.de",
                    "homepage": "http://opensource.teqneers.de/"
                }
            ],
            "description": "Git Stream Wrapper for PHP",
            "homepage": "https://github.com/teqneers/PHP-Stream-Wrapper-for-Git",
            "keywords": [
                "git",
                "stream-wrapper",
                "streamwrapper"
            ],
            "time": "2014-10-15 06:38:02"
        },
        {
            "name": "vierbergenlars/php-semver",
            "version": "3.0.0",
            "source": {
                "type": "git",
                "url": "https://github.com/vierbergenlars/php-semver.git",
                "reference": "4dc35f3804f3b127ad557b8b2255c03204dec951"
            },
            "dist": {
                "type": "zip",
                "url": "https://api.github.com/repos/vierbergenlars/php-semver/zipball/4dc35f3804f3b127ad557b8b2255c03204dec951",
                "reference": "4dc35f3804f3b127ad557b8b2255c03204dec951",
                "shasum": ""
            },
            "require": {
                "php": ">=5.3.0"
            },
            "require-dev": {
                "simpletest/simpletest": "1.1.*"
            },
            "bin": [
                "bin/semver",
                "bin/update-versions"
            ],
            "type": "library",
            "autoload": {
                "psr-0": {
                    "vierbergenlars\\SemVer\\": "src/",
                    "vierbergenlars\\LibJs\\": "src/"
                },
                "classmap": [
                    "src/vierbergenlars/SemVer/internal.php"
                ]
            },
            "notification-url": "https://packagist.org/downloads/",
            "license": [
                "MIT"
            ],
            "authors": [
                {
                    "name": "Lars Vierbergen",
                    "email": "vierbergenlars@gmail.com"
                }
            ],
            "description": "The Semantic Versioner for PHP",
            "keywords": [
                "semantic",
                "semver",
                "versioning"
            ],
            "time": "2013-12-21 17:10:13"
        }
    ],
    "packages-dev": [],
    "aliases": [],
    "minimum-stability": "stable",
    "stability-flags": {
        "symfony/filesystem": 20,
        "symfony/process": 20,
        "teqneers/php-stream-wrapper-for-git": 20,
        "knplabs/github-api": 20
    },
    "platform": [],
    "platform-dev": []
}
